
Microsoft Visual Studio Solution File, Format Version 12.00
# Visual Studio 2013
VisualStudioVersion = 12.0.21005.1
MinimumVisualStudioVersion = 10.0.40219.1
Project("{FAE04EC0-301F-11D3-BF4B-00C04F79EFBC}") = "Module", "Source\Module\Module.csproj", "{6AC74455-E331-4272-89DC-BEF204F4785D}"
EndProject
Project("{2150E333-8FDC-42A3-9474-1A3956D46DE8}") = "Support", "Support", "{F62020BF-2A30-4C73-93EE-BA3303798130}"
EndProject
Project("{FAE04EC0-301F-11D3-BF4B-00C04F79EFBC}") = "Services.AdminSetup", "..\Admin Setup\Services.AdminSetup\Services.AdminSetup.csproj", "{3A56D162-54DF-4BBC-876E-93CB30952593}"
EndProject
Project("{FAE04EC0-301F-11D3-BF4B-00C04F79EFBC}") = "Data", "..\Admin Setup\Data\Data.csproj", "{DB254004-EBD5-470D-BA5B-F339A3CC1FAA}"
EndProject
Project("{FAE04EC0-301F-11D3-BF4B-00C04F79EFBC}") = "Infrastructure", "..\Infrastructure\Infrastructure.csproj", "{5A880C5B-C73D-4715-A6E6-70A7DC484695}"
EndProject
Project("{FAE04EC0-301F-11D3-BF4B-00C04F79EFBC}") = "Models.AdminSetup", "..\Admin Setup\AdminSetup.Models\Models.AdminSetup.csproj", "{FA42A1F8-5571-47D4-85F5-8056EA08FE09}"
EndProject
Project("{FAE04EC0-301F-11D3-BF4B-00C04F79EFBC}") = "ProjLib", "..\ProjLib\Source\ProjLib.csproj", "{2D5DAC81-3374-4622-A5E4-7881DC0FC77C}"
EndProject
Project("{FAE04EC0-301F-11D3-BF4B-00C04F79EFBC}") = "Notifier", "..\..\Components\Notifier\Source\Notifier.csproj", "{D301FF3B-3DFC-471C-A3D1-E77C2E53B7A5}"
EndProject
Project("{FAE04EC0-301F-11D3-BF4B-00C04F79EFBC}") = "Models.BasicSetup", "..\Basic Setup\Models.BasicSetup\Models.BasicSetup.csproj", "{E7B6F2DD-5845-431D-B065-7CA2C51C698A}"
EndProject
Project("{FAE04EC0-301F-11D3-BF4B-00C04F79EFBC}") = "Logger", "..\..\Components\Logger\Source\Logger.csproj", "{A68B18D0-67D6-414F-B38D-D4C7EDEB3907}"
EndProject
Project("{FAE04EC0-301F-11D3-BF4B-00C04F79EFBC}") = "PermissionValidator", "..\..\Components\PermissionValidator\PermissionValidator.csproj", "{88E00732-E1C4-44C3-8920-C46F9A6B8E95}"
EndProject
Project("{FAE04EC0-301F-11D3-BF4B-00C04F79EFBC}") = "Web.Login", "..\Login\Source\Web.Login\Web.Login.csproj", "{8D762011-DDD5-441F-891E-E10A28CB964B}"
EndProject
Global
	GlobalSection(SolutionConfigurationPlatforms) = preSolution
		Debug|Any CPU = Debug|Any CPU
		Release|Any CPU = Release|Any CPU
	EndGlobalSection
	GlobalSection(ProjectConfigurationPlatforms) = postSolution
		{6AC74455-E331-4272-89DC-BEF204F4785D}.Debug|Any CPU.ActiveCfg = Debug|Any CPU
		{6AC74455-E331-4272-89DC-BEF204F4785D}.Debug|Any CPU.Build.0 = Debug|Any CPU
		{6AC74455-E331-4272-89DC-BEF204F4785D}.Release|Any CPU.ActiveCfg = Release|Any CPU
		{6AC74455-E331-4272-89DC-BEF204F4785D}.Release|Any CPU.Build.0 = Release|Any CPU
		{3A56D162-54DF-4BBC-876E-93CB30952593}.Debug|Any CPU.ActiveCfg = Debug|Any CPU
		{3A56D162-54DF-4BBC-876E-93CB30952593}.Debug|Any CPU.Build.0 = Debug|Any CPU
		{3A56D162-54DF-4BBC-876E-93CB30952593}.Release|Any CPU.ActiveCfg = Release|Any CPU
		{3A56D162-54DF-4BBC-876E-93CB30952593}.Release|Any CPU.Build.0 = Release|Any CPU
		{DB254004-EBD5-470D-BA5B-F339A3CC1FAA}.Debug|Any CPU.ActiveCfg = Debug|Any CPU
		{DB254004-EBD5-470D-BA5B-F339A3CC1FAA}.Debug|Any CPU.Build.0 = Debug|Any CPU
		{DB254004-EBD5-470D-BA5B-F339A3CC1FAA}.Release|Any CPU.ActiveCfg = Release|Any CPU
		{DB254004-EBD5-470D-BA5B-F339A3CC1FAA}.Release|Any CPU.Build.0 = Release|Any CPU
		{5A880C5B-C73D-4715-A6E6-70A7DC484695}.Debug|Any CPU.ActiveCfg = Debug|Any CPU
		{5A880C5B-C73D-4715-A6E6-70A7DC484695}.Debug|Any CPU.Build.0 = Debug|Any CPU
		{5A880C5B-C73D-4715-A6E6-70A7DC484695}.Release|Any CPU.ActiveCfg = Release|Any CPU
		{5A880C5B-C73D-4715-A6E6-70A7DC484695}.Release|Any CPU.Build.0 = Release|Any CPU
		{FA42A1F8-5571-47D4-85F5-8056EA08FE09}.Debug|Any CPU.ActiveCfg = Debug|Any CPU
		{FA42A1F8-5571-47D4-85F5-8056EA08FE09}.Debug|Any CPU.Build.0 = Debug|Any CPU
		{FA42A1F8-5571-47D4-85F5-8056EA08FE09}.Release|Any CPU.ActiveCfg = Release|Any CPU
		{FA42A1F8-5571-47D4-85F5-8056EA08FE09}.Release|Any CPU.Build.0 = Release|Any CPU
		{2D5DAC81-3374-4622-A5E4-7881DC0FC77C}.Debug|Any CPU.ActiveCfg = Debug|Any CPU
		{2D5DAC81-3374-4622-A5E4-7881DC0FC77C}.Debug|Any CPU.Build.0 = Debug|Any CPU
		{2D5DAC81-3374-4622-A5E4-7881DC0FC77C}.Release|Any CPU.ActiveCfg = Release|Any CPU
		{2D5DAC81-3374-4622-A5E4-7881DC0FC77C}.Release|Any CPU.Build.0 = Release|Any CPU
		{D301FF3B-3DFC-471C-A3D1-E77C2E53B7A5}.Debug|Any CPU.ActiveCfg = Debug|Any CPU
		{D301FF3B-3DFC-471C-A3D1-E77C2E53B7A5}.Debug|Any CPU.Build.0 = Debug|Any CPU
		{D301FF3B-3DFC-471C-A3D1-E77C2E53B7A5}.Release|Any CPU.ActiveCfg = Release|Any CPU
		{D301FF3B-3DFC-471C-A3D1-E77C2E53B7A5}.Release|Any CPU.Build.0 = Release|Any CPU
		{E7B6F2DD-5845-431D-B065-7CA2C51C698A}.Debug|Any CPU.ActiveCfg = Debug|Any CPU
		{E7B6F2DD-5845-431D-B065-7CA2C51C698A}.Debug|Any CPU.Build.0 = Debug|Any CPU
		{E7B6F2DD-5845-431D-B065-7CA2C51C698A}.Release|Any CPU.ActiveCfg = Release|Any CPU
		{E7B6F2DD-5845-431D-B065-7CA2C51C698A}.Release|Any CPU.Build.0 = Release|Any CPU
		{A68B18D0-67D6-414F-B38D-D4C7EDEB3907}.Debug|Any CPU.ActiveCfg = Debug|Any CPU
		{A68B18D0-67D6-414F-B38D-D4C7EDEB3907}.Debug|Any CPU.Build.0 = Debug|Any CPU
		{A68B18D0-67D6-414F-B38D-D4C7EDEB3907}.Release|Any CPU.ActiveCfg = Release|Any CPU
		{A68B18D0-67D6-414F-B38D-D4C7EDEB3907}.Release|Any CPU.Build.0 = Release|Any CPU
		{88E00732-E1C4-44C3-8920-C46F9A6B8E95}.Debug|Any CPU.ActiveCfg = Debug|Any CPU
		{88E00732-E1C4-44C3-8920-C46F9A6B8E95}.Debug|Any CPU.Build.0 = Debug|Any CPU
		{88E00732-E1C4-44C3-8920-C46F9A6B8E95}.Release|Any CPU.ActiveCfg = Release|Any CPU
		{88E00732-E1C4-44C3-8920-C46F9A6B8E95}.Release|Any CPU.Build.0 = Release|Any CPU
		{8D762011-DDD5-441F-891E-E10A28CB964B}.Debug|Any CPU.ActiveCfg = Debug|Any CPU
		{8D762011-DDD5-441F-891E-E10A28CB964B}.Debug|Any CPU.Build.0 = Debug|Any CPU
		{8D762011-DDD5-441F-891E-E10A28CB964B}.Release|Any CPU.ActiveCfg = Release|Any CPU
		{8D762011-DDD5-441F-891E-E10A28CB964B}.Release|Any CPU.Build.0 = Release|Any CPU
	EndGlobalSection
	GlobalSection(SolutionProperties) = preSolution
		HideSolutionNode = FALSE
	EndGlobalSection
	GlobalSection(NestedProjects) = preSolution
		{3A56D162-54DF-4BBC-876E-93CB30952593} = {F62020BF-2A30-4C73-93EE-BA3303798130}
		{DB254004-EBD5-470D-BA5B-F339A3CC1FAA} = {F62020BF-2A30-4C73-93EE-BA3303798130}
		{5A880C5B-C73D-4715-A6E6-70A7DC484695} = {F62020BF-2A30-4C73-93EE-BA3303798130}
		{FA42A1F8-5571-47D4-85F5-8056EA08FE09} = {F62020BF-2A30-4C73-93EE-BA3303798130}
		{2D5DAC81-3374-4622-A5E4-7881DC0FC77C} = {F62020BF-2A30-4C73-93EE-BA3303798130}
		{D301FF3B-3DFC-471C-A3D1-E77C2E53B7A5} = {F62020BF-2A30-4C73-93EE-BA3303798130}
		{E7B6F2DD-5845-431D-B065-7CA2C51C698A} = {F62020BF-2A30-4C73-93EE-BA3303798130}
		{A68B18D0-67D6-414F-B38D-D4C7EDEB3907} = {F62020BF-2A30-4C73-93EE-BA3303798130}
		{88E00732-E1C4-44C3-8920-C46F9A6B8E95} = {F62020BF-2A30-4C73-93EE-BA3303798130}
		{8D762011-DDD5-441F-891E-E10A28CB964B} = {F62020BF-2A30-4C73-93EE-BA3303798130}
	EndGlobalSection
EndGlobal
